// !$*UTF8*$!
{
	archiveVersion = 1;
	classes = {
	};
	objectVersion = 46;
	objects = {

/* Begin PBXBuildFile section */
		1ACBFE481D82645A00B5AFC6 /* main.m in Sources */ = {isa = PBXBuildFile; fileRef = 1ACBFE471D82645A00B5AFC6 /* main.m */; };
		1ACBFE511D82645A00B5AFC6 /* Main.storyboard in Resources */ = {isa = PBXBuildFile; fileRef = 1ACBFE4F1D82645A00B5AFC6 /* Main.storyboard */; };
		1ACBFE531D82645A00B5AFC6 /* Assets.xcassets in Resources */ = {isa = PBXBuildFile; fileRef = 1ACBFE521D82645A00B5AFC6 /* Assets.xcassets */; };
		1ACBFE561D82645A00B5AFC6 /* LaunchScreen.storyboard in Resources */ = {isa = PBXBuildFile; fileRef = 1ACBFE541D82645A00B5AFC6 /* LaunchScreen.storyboard */; };
		1ACBFE611D82645A00B5AFC6 /* LeftDrow_SimpTests.m in Sources */ = {isa = PBXBuildFile; fileRef = 1ACBFE601D82645A00B5AFC6 /* LeftDrow_SimpTests.m */; };
		1ACBFE6C1D82645A00B5AFC6 /* LeftDrow_SimpUITests.m in Sources */ = {isa = PBXBuildFile; fileRef = 1ACBFE6B1D82645A00B5AFC6 /* LeftDrow_SimpUITests.m */; };
		1ACBFE7D1D82649C00B5AFC6 /* AppDelegate.m in Sources */ = {isa = PBXBuildFile; fileRef = 1ACBFE7B1D82649C00B5AFC6 /* AppDelegate.m */; };
		1ACBFE801D8264F300B5AFC6 /* JGMainViewController.m in Sources */ = {isa = PBXBuildFile; fileRef = 1ACBFE7F1D8264F300B5AFC6 /* JGMainViewController.m */; };
		1ACBFE831D8264FF00B5AFC6 /* JGLeftViewController.m in Sources */ = {isa = PBXBuildFile; fileRef = 1ACBFE821D8264FF00B5AFC6 /* JGLeftViewController.m */; };
		1ACBFE881D82898D00B5AFC6 /* JGBaseViewController.m in Sources */ = {isa = PBXBuildFile; fileRef = 1ACBFE871D82898D00B5AFC6 /* JGBaseViewController.m */; };
		1ACBFE8B1D8289E000B5AFC6 /* JGSecViewController.m in Sources */ = {isa = PBXBuildFile; fileRef = 1ACBFE8A1D8289E000B5AFC6 /* JGSecViewController.m */; };
/* End PBXBuildFile section */

/* Begin PBXContainerItemProxy section */
		1ACBFE5D1D82645A00B5AFC6 /* PBXContainerItemProxy */ = {
			isa = PBXContainerItemProxy;
			containerPortal = 1ACBFE3B1D82645900B5AFC6 /* Project object */;
			proxyType = 1;
			remoteGlobalIDString = 1ACBFE421D82645A00B5AFC6;
			remoteInfo = "LeftDrow-Simp";
		};
		1ACBFE681D82645A00B5AFC6 /* PBXContainerItemProxy */ = {
			isa = PBXContainerItemProxy;
			containerPortal = 1ACBFE3B1D82645900B5AFC6 /* Project object */;
			proxyType = 1;
			remoteGlobalIDString = 1ACBFE421D82645A00B5AFC6;
			remoteInfo = "LeftDrow-Simp";
		};
/* End PBXContainerItemProxy section */

/* Begin PBXFileReference section */
		1ACBFE431D82645A00B5AFC6 /* LeftDrow-Simp.app */ = {isa = PBXFileReference; explicitFileType = wrapper.application; includeInIndex = 0; path = "LeftDrow-Simp.app"; sourceTree = BUILT_PRODUCTS_DIR; };
		1ACBFE471D82645A00B5AFC6 /* main.m */ = {isa = PBXFileReference; lastKnownFileType = sourcecode.c.objc; path = main.m; sourceTree = "<group>"; };
		1ACBFE501D82645A00B5AFC6 /* Base */ = {isa = PBXFileReference; lastKnownFileType = file.storyboard; name = Base; path = Base.lproj/Main.storyboard; sourceTree = "<group>"; };
		1ACBFE521D82645A00B5AFC6 /* Assets.xcassets */ = {isa = PBXFileReference; lastKnownFileType = folder.assetcatalog; path = Assets.xcassets; sourceTree = "<group>"; };
		1ACBFE551D82645A00B5AFC6 /* Base */ = {isa = PBXFileReference; lastKnownFileType = file.storyboard; name = Base; path = Base.lproj/LaunchScreen.storyboard; sourceTree = "<group>"; };
		1ACBFE571D82645A00B5AFC6 /* Info.plist */ = {isa = PBXFileReference; lastKnownFileType = text.plist.xml; path = Info.plist; sourceTree = "<group>"; };
		1ACBFE5C1D82645A00B5AFC6 /* LeftDrow-SimpTests.xctest */ = {isa = PBXFileReference; explicitFileType = wrapper.cfbundle; includeInIndex = 0; path = "LeftDrow-SimpTests.xctest"; sourceTree = BUILT_PRODUCTS_DIR; };
		1ACBFE601D82645A00B5AFC6 /* LeftDrow_SimpTests.m */ = {isa = PBXFileReference; lastKnownFileType = sourcecode.c.objc; path = LeftDrow_SimpTests.m; sourceTree = "<group>"; };
		1ACBFE621D82645A00B5AFC6 /* Info.plist */ = {isa = PBXFileReference; lastKnownFileType = text.plist.xml; path = Info.plist; sourceTree = "<group>"; };
		1ACBFE671D82645A00B5AFC6 /* LeftDrow-SimpUITests.xctest */ = {isa = PBXFileReference; explicitFileType = wrapper.cfbundle; includeInIndex = 0; path = "LeftDrow-SimpUITests.xctest"; sourceTree = BUILT_PRODUCTS_DIR; };
		1ACBFE6B1D82645A00B5AFC6 /* LeftDrow_SimpUITests.m */ = {isa = PBXFileReference; lastKnownFileType = sourcecode.c.objc; path = LeftDrow_SimpUITests.m; sourceTree = "<group>"; };
		1ACBFE6D1D82645A00B5AFC6 /* Info.plist */ = {isa = PBXFileReference; lastKnownFileType = text.plist.xml; path = Info.plist; sourceTree = "<group>"; };
		1ACBFE7A1D82649C00B5AFC6 /* AppDelegate.h */ = {isa = PBXFileReference; fileEncoding = 4; lastKnownFileType = sourcecode.c.h; path = AppDelegate.h; sourceTree = "<group>"; };
		1ACBFE7B1D82649C00B5AFC6 /* AppDelegate.m */ = {isa = PBXFileReference; fileEncoding = 4; lastKnownFileType = sourcecode.c.objc; path = AppDelegate.m; sourceTree = "<group>"; };
		1ACBFE7E1D8264F300B5AFC6 /* JGMainViewController.h */ = {isa = PBXFileReference; fileEncoding = 4; lastKnownFileType = sourcecode.c.h; path = JGMainViewController.h; sourceTree = "<group>"; };
		1ACBFE7F1D8264F300B5AFC6 /* JGMainViewController.m */ = {isa = PBXFileReference; fileEncoding = 4; lastKnownFileType = sourcecode.c.objc; path = JGMainViewController.m; sourceTree = "<group>"; };
		1ACBFE811D8264FF00B5AFC6 /* JGLeftViewController.h */ = {isa = PBXFileReference; fileEncoding = 4; lastKnownFileType = sourcecode.c.h; path = JGLeftViewController.h; sourceTree = "<group>"; };
		1ACBFE821D8264FF00B5AFC6 /* JGLeftViewController.m */ = {isa = PBXFileReference; fileEncoding = 4; lastKnownFileType = sourcecode.c.objc; path = JGLeftViewController.m; sourceTree = "<group>"; };
		1ACBFE861D82898D00B5AFC6 /* JGBaseViewController.h */ = {isa = PBXFileReference; fileEncoding = 4; lastKnownFileType = sourcecode.c.h; path = JGBaseViewController.h; sourceTree = "<group>"; };
		1ACBFE871D82898D00B5AFC6 /* JGBaseViewController.m */ = {isa = PBXFileReference; fileEncoding = 4; lastKnownFileType = sourcecode.c.objc; path = JGBaseViewController.m; sourceTree = "<group>"; };
		1ACBFE891D8289E000B5AFC6 /* JGSecViewController.h */ = {isa = PBXFileReference; fileEncoding = 4; lastKnownFileType = sourcecode.c.h; path = JGSecViewController.h; sourceTree = "<group>"; };
		1ACBFE8A1D8289E000B5AFC6 /* JGSecViewController.m */ = {isa = PBXFileReference; fileEncoding = 4; lastKnownFileType = sourcecode.c.objc; path = JGSecViewController.m; sourceTree = "<group>"; };
/* End PBXFileReference section */

/* Begin PBXFrameworksBuildPhase section */
		1ACBFE401D82645A00B5AFC6 /* Frameworks */ = {
			isa = PBXFrameworksBuildPhase;
			buildActionMask = 2147483647;
			files = (
			);
			runOnlyForDeploymentPostprocessing = 0;
		};
		1ACBFE591D82645A00B5AFC6 /* Frameworks */ = {
			isa = PBXFrameworksBuildPhase;
			buildActionMask = 2147483647;
			files = (
			);
			runOnlyForDeploymentPostprocessing = 0;
		};
		1ACBFE641D82645A00B5AFC6 /* Frameworks */ = {
			isa = PBXFrameworksBuildPhase;
			buildActionMask = 2147483647;
			files = (
			);
			runOnlyForDeploymentPostprocessing = 0;
		};
/* End PBXFrameworksBuildPhase section */

/* Begin PBXGroup section */
		1ACBFE3A1D82645900B5AFC6 = {
			isa = PBXGroup;
			children = (
				1ACBFE451D82645A00B5AFC6 /* LeftDrow-Simp */,
				1ACBFE5F1D82645A00B5AFC6 /* LeftDrow-SimpTests */,
				1ACBFE6A1D82645A00B5AFC6 /* LeftDrow-SimpUITests */,
				1ACBFE441D82645A00B5AFC6 /* Products */,
			);
			sourceTree = "<group>";
		};
		1ACBFE441D82645A00B5AFC6 /* Products */ = {
			isa = PBXGroup;
			children = (
				1ACBFE431D82645A00B5AFC6 /* LeftDrow-Simp.app */,
				1ACBFE5C1D82645A00B5AFC6 /* LeftDrow-SimpTests.xctest */,
				1ACBFE671D82645A00B5AFC6 /* LeftDrow-SimpUITests.xctest */,
			);
			name = Products;
			sourceTree = "<group>";
		};
		1ACBFE451D82645A00B5AFC6 /* LeftDrow-Simp */ = {
			isa = PBXGroup;
			children = (
				1ACBFE791D82649C00B5AFC6 /* Apps */,
				1ACBFE7C1D82649C00B5AFC6 /* Controllers */,
				1ACBFE461D82645A00B5AFC6 /* Supporting Files */,
			);
			path = "LeftDrow-Simp";
			sourceTree = "<group>";
		};
		1ACBFE461D82645A00B5AFC6 /* Supporting Files */ = {
			isa = PBXGroup;
			children = (
				1ACBFE4F1D82645A00B5AFC6 /* Main.storyboard */,
				1ACBFE521D82645A00B5AFC6 /* Assets.xcassets */,
				1ACBFE541D82645A00B5AFC6 /* LaunchScreen.storyboard */,
				1ACBFE571D82645A00B5AFC6 /* Info.plist */,
				1ACBFE471D82645A00B5AFC6 /* main.m */,
			);
			name = "Supporting Files";
			sourceTree = "<group>";
		};
		1ACBFE5F1D82645A00B5AFC6 /* LeftDrow-SimpTests */ = {
			isa = PBXGroup;
			children = (
				1ACBFE601D82645A00B5AFC6 /* LeftDrow_SimpTests.m */,
				1ACBFE621D82645A00B5AFC6 /* Info.plist */,
			);
			path = "LeftDrow-SimpTests";
			sourceTree = "<group>";
		};
		1ACBFE6A1D82645A00B5AFC6 /* LeftDrow-SimpUITests */ = {
			isa = PBXGroup;
			children = (
				1ACBFE6B1D82645A00B5AFC6 /* LeftDrow_SimpUITests.m */,
				1ACBFE6D1D82645A00B5AFC6 /* Info.plist */,
			);
			path = "LeftDrow-SimpUITests";
			sourceTree = "<group>";
		};
		1ACBFE791D82649C00B5AFC6 /* Apps */ = {
			isa = PBXGroup;
			children = (
				1ACBFE7A1D82649C00B5AFC6 /* AppDelegate.h */,
				1ACBFE7B1D82649C00B5AFC6 /* AppDelegate.m */,
			);
			path = Apps;
			sourceTree = "<group>";
		};
		1ACBFE7C1D82649C00B5AFC6 /* Controllers */ = {
			isa = PBXGroup;
			children = (
				1ACBFE861D82898D00B5AFC6 /* JGBaseViewController.h */,
				1ACBFE871D82898D00B5AFC6 /* JGBaseViewController.m */,
				1ACBFE7E1D8264F300B5AFC6 /* JGMainViewController.h */,
				1ACBFE7F1D8264F300B5AFC6 /* JGMainViewController.m */,
				1ACBFE891D8289E000B5AFC6 /* JGSecViewController.h */,
				1ACBFE8A1D8289E000B5AFC6 /* JGSecViewController.m */,
				1ACBFE811D8264FF00B5AFC6 /* JGLeftViewController.h */,
				1ACBFE821D8264FF00B5AFC6 /* JGLeftViewController.m */,
			);
			path = Controllers;
			sourceTree = "<group>";
		};
/* End PBXGroup section */

/* Begin PBXNativeTarget section */
		1ACBFE421D82645A00B5AFC6 /* LeftDrow-Simp */ = {
			isa = PBXNativeTarget;
			buildConfigurationList = 1ACBFE701D82645A00B5AFC6 /* Build configuration list for PBXNativeTarget "LeftDrow-Simp" */;
			buildPhases = (
				1ACBFE3F1D82645A00B5AFC6 /* Sources */,
				1ACBFE401D82645A00B5AFC6 /* Frameworks */,
				1ACBFE411D82645A00B5AFC6 /* Resources */,
			);
			buildRules = (
			);
			dependencies = (
			);
			name = "LeftDrow-Simp";
			productName = "LeftDrow-Simp";
			productReference = 1ACBFE431D82645A00B5AFC6 /* LeftDrow-Simp.app */;
			productType = "com.apple.product-type.application";
		};
		1ACBFE5B1D82645A00B5AFC6 /* LeftDrow-SimpTests */ = {
			isa = PBXNativeTarget;
			buildConfigurationList = 1ACBFE731D82645A00B5AFC6 /* Build configuration list for PBXNativeTarget "LeftDrow-SimpTests" */;
			buildPhases = (
				1ACBFE581D82645A00B5AFC6 /* Sources */,
				1ACBFE591D82645A00B5AFC6 /* Frameworks */,
				1ACBFE5A1D82645A00B5AFC6 /* Resources */,
			);
			buildRules = (
			);
			dependencies = (
				1ACBFE5E1D82645A00B5AFC6 /* PBXTargetDependency */,
			);
			name = "LeftDrow-SimpTests";
			productName = "LeftDrow-SimpTests";
			productReference = 1ACBFE5C1D82645A00B5AFC6 /* LeftDrow-SimpTests.xctest */;
			productType = "com.apple.product-type.bundle.unit-test";
		};
		1ACBFE661D82645A00B5AFC6 /* LeftDrow-SimpUITests */ = {
			isa = PBXNativeTarget;
			buildConfigurationList = 1ACBFE761D82645A00B5AFC6 /* Build configuration list for PBXNativeTarget "LeftDrow-SimpUITests" */;
			buildPhases = (
				1ACBFE631D82645A00B5AFC6 /* Sources */,
				1ACBFE641D82645A00B5AFC6 /* Frameworks */,
				1ACBFE651D82645A00B5AFC6 /* Resources */,
			);
			buildRules = (
			);
			dependencies = (
				1ACBFE691D82645A00B5AFC6 /* PBXTargetDependency */,
			);
			name = "LeftDrow-SimpUITests";
			productName = "LeftDrow-SimpUITests";
			productReference = 1ACBFE671D82645A00B5AFC6 /* LeftDrow-SimpUITests.xctest */;
			productType = "com.apple.product-type.bundle.ui-testing";
		};
/* End PBXNativeTarget section */

/* Begin PBXProject section */
		1ACBFE3B1D82645900B5AFC6 /* Project object */ = {
			isa = PBXProject;
			attributes = {
				CLASSPREFIX = JG;
				LastUpgradeCheck = 0730;
				ORGANIZATIONNAME = stkcctv;
				TargetAttributes = {
					1ACBFE421D82645A00B5AFC6 = {
						CreatedOnToolsVersion = 7.3.1;
					};
					1ACBFE5B1D82645A00B5AFC6 = {
						CreatedOnToolsVersion = 7.3.1;
						TestTargetID = 1ACBFE421D82645A00B5AFC6;
					};
					1ACBFE661D82645A00B5AFC6 = {
						CreatedOnToolsVersion = 7.3.1;
						TestTargetID = 1ACBFE421D82645A00B5AFC6;
					};
				};
			};
			buildConfigurationList = 1ACBFE3E1D82645900B5AFC6 /* Build configuration list for PBXProject "LeftDrow-Simp" */;
			compatibilityVersion = "Xcode 3.2";
			developmentRegion = English;
			hasScannedForEncodings = 0;
			knownRegions = (
				en,
				Base,
			);
			mainGroup = 1ACBFE3A1D82645900B5AFC6;
			productRefGroup = 1ACBFE441D82645A00B5AFC6 /* Products */;
			projectDirPath = "";
			projectRoot = "";
			targets = (
				1ACBFE421D82645A00B5AFC6 /* LeftDrow-Simp */,
				1ACBFE5B1D82645A00B5AFC6 /* LeftDrow-SimpTests */,
				1ACBFE661D82645A00B5AFC6 /* LeftDrow-SimpUITests */,
			);
		};
/* End PBXProject section */

/* Begin PBXResourcesBuildPhase section */
		1ACBFE411D82645A00B5AFC6 /* Resources */ = {
			isa = PBXResourcesBuildPhase;
			buildActionMask = 2147483647;
			files = (
				1ACBFE561D82645A00B5AFC6 /* LaunchScreen.storyboard in Resources */,
				1ACBFE531D82645A00B5AFC6 /* Assets.xcassets in Resources */,
				1ACBFE511D82645A00B5AFC6 /* Main.storyboard in Resources */,
			);
			runOnlyForDeploymentPostprocessing = 0;
		};
		1ACBFE5A1D82645A00B5AFC6 /* Resources */ = {
			isa = PBXResourcesBuildPhase;
			buildActionMask = 2147483647;
			files = (
			);
			runOnlyForDeploymentPostprocessing = 0;
		};
		1ACBFE651D82645A00B5AFC6 /* Resources */ = {
			isa = PBXResourcesBuildPhase;
			buildActionMask = 2147483647;
			files = (
			);
			runOnlyForDeploymentPostprocessing = 0;
		};
/* End PBXResourcesBuildPhase section */

/* Begin PBXSourcesBuildPhase section */
		1ACBFE3F1D82645A00B5AFC6 /* Sources */ = {
			isa = PBXSourcesBuildPhase;
			buildActionMask = 2147483647;
			files = (
				1ACBFE831D8264FF00B5AFC6 /* JGLeftViewController.m in Sources */,
				1ACBFE481D82645A00B5AFC6 /* main.m in Sources */,
				1ACBFE801D8264F300B5AFC6 /* JGMainViewController.m in Sources */,
				1ACBFE8B1D8289E000B5AFC6 /* JGSecViewController.m in Sources */,
				1ACBFE7D1D82649C00B5AFC6 /* AppDelegate.m in Sources */,
				1ACBFE881D82898D00B5AFC6 /* JGBaseViewController.m in Sources */,
			);
			runOnlyForDeploymentPostprocessing = 0;
		};
		1ACBFE581D82645A00B5AFC6 /* Sources */ = {
			isa = PBXSourcesBuildPhase;
			buildActionMask = 2147483647;
			files = (
				1ACBFE611D82645A00B5AFC6 /* LeftDrow_SimpTests.m in Sources */,
			);
			runOnlyForDeploymentPostprocessing = 0;
		};
		1ACBFE631D82645A00B5AFC6 /* Sources */ = {
			isa = PBXSourcesBuildPhase;
			buildActionMask = 2147483647;
			files = (
				1ACBFE6C1D82645A00B5AFC6 /* LeftDrow_SimpUITests.m in Sources */,
			);
			runOnlyForDeploymentPostprocessing = 0;
		};
/* End PBXSourcesBuildPhase section */

/* Begin PBXTargetDependency section */
		1ACBFE5E1D82645A00B5AFC6 /* PBXTargetDependency */ = {
			isa = PBXTargetDependency;
			target = 1ACBFE421D82645A00B5AFC6 /* LeftDrow-Simp */;
			targetProxy = 1ACBFE5D1D82645A00B5AFC6 /* PBXContainerItemProxy */;
		};
		1ACBFE691D82645A00B5AFC6 /* PBXTargetDependency */ = {
			isa = PBXTargetDependency;
			target = 1ACBFE421D82645A00B5AFC6 /* LeftDrow-Simp */;
			targetProxy = 1ACBFE681D82645A00B5AFC6 /* PBXContainerItemProxy */;
		};
/* End PBXTargetDependency section */

/* Begin PBXVariantGroup section */
		1ACBFE4F1D82645A00B5AFC6 /* Main.storyboard */ = {
			isa = PBXVariantGroup;
			children = (
				1ACBFE501D82645A00B5AFC6 /* Base */,
			);
			name = Main.storyboard;
			sourceTree = "<group>";
		};
		1ACBFE541D82645A00B5AFC6 /* LaunchScreen.storyboard */ = {
			isa = PBXVariantGroup;
			children = (
				1ACBFE551D82645A00B5AFC6 /* Base */,
			);
			name = LaunchScreen.storyboard;
			sourceTree = "<group>";
		};
/* End PBXVariantGroup section */

/* Begin XCBuildConfiguration section */
		1ACBFE6E1D82645A00B5AFC6 /* Debug */ = {
			isa = XCBuildConfiguration;
			buildSettings = {
				ALWAYS_SEARCH_USER_PATHS = NO;
				CLANG_ANALYZER_NONNULL = YES;
				CLANG_CXX_LANGUAGE_STANDARD = "gnu++0x";
				CLANG_CXX_LIBRARY = "libc++";
				CLANG_ENABLE_MODULES = YES;
				CLANG_ENABLE_OBJC_ARC = YES;
				CLANG_WARN_BOOL_CONVERSION = YES;
				CLANG_WARN_CONSTANT_CONVERSION = YES;
				CLANG_WARN_DIRECT_OBJC_ISA_USAGE = YES_ERROR;
				CLANG_WARN_EMPTY_BODY = YES;
				CLANG_WARN_ENUM_CONVERSION = YES;
				CLANG_WARN_INT_CONVERSION = YES;
				CLANG_WARN_OBJC_ROOT_CLASS = YES_ERROR;
				CLANG_WARN_UNREACHABLE_CODE = YES;
				CLANG_WARN__DUPLICATE_METHOD_MATCH = YES;
				"CODE_SIGN_IDENTITY[sdk=iphoneos*]" = "iPhone Developer";
				COPY_PHASE_STRIP = NO;
				DEBUG_INFORMATION_FORMAT = dwarf;
				ENABLE_STRICT_OBJC_MSGSEND = YES;
				ENABLE_TESTABILITY = YES;
				GCC_C_LANGUAGE_STANDARD = gnu99;
				GCC_DYNAMIC_NO_PIC = NO;
				GCC_NO_COMMON_BLOCKS = YES;
				GCC_OPTIMIZATION_LEVEL = 0;
				GCC_PREPROCESSOR_DEFINITIONS = (
					"DEBUG=1",
					"$(inherited)",
				);
				GCC_WARN_64_TO_32_BIT_CONVERSION = YES;
				GCC_WARN_ABOUT_RETURN_TYPE = YES_ERROR;
				GCC_WARN_UNDECLARED_SELECTOR = YES;
				GCC_WARN_UNINITIALIZED_AUTOS = YES_AGGRESSIVE;
				GCC_WARN_UNUSED_FUNCTION = YES;
				GCC_WARN_UNUSED_VARIABLE = YES;
				IPHONEOS_DEPLOYMENT_TARGET = 9.3;
				MTL_ENABLE_DEBUG_INFO = YES;
				ONLY_ACTIVE_ARCH = YES;
				SDKROOT = iphoneos;
				TARGETED_DEVICE_FAMILY = "1,2";
			};
			name = Debug;
		};
		1ACBFE6F1D82645A00B5AFC6 /* Release */ = {
			isa = XCBuildConfiguration;
			buildSettings = {
				ALWAYS_SEARCH_USER_PATHS = NO;
				CLANG_ANALYZER_NONNULL = YES;
				CLANG_CXX_LANGUAGE_STANDARD = "gnu++0x";
				CLANG_CXX_LIBRARY = "libc++";
				CLANG_ENABLE_MODULES = YES;
				CLANG_ENABLE_OBJC_ARC = YES;
				CLANG_WARN_BOOL_CONVERSION = YES;
				CLANG_WARN_CONSTANT_CONVERSION = YES;
				CLANG_WARN_DIRECT_OBJC_ISA_USAGE = YES_ERROR;
				CLANG_WARN_EMPTY_BODY = YES;
				CLANG_WARN_ENUM_CONVERSION = YES;
				CLANG_WARN_INT_CONVERSION = YES;
				CLANG_WARN_OBJC_ROOT_CLASS = YES_ERROR;
				CLANG_WARN_UNREACHABLE_CODE = YES;
				CLANG_WARN__DUPLICATE_METHOD_MATCH = YES;
				"CODE_SIGN_IDENTITY[sdk=iphoneos*]" = "iPhone Developer";
				COPY_PHASE_STRIP = NO;
				DEBUG_INFORMATION_FORMAT = "dwarf-with-dsym";
				ENABLE_NS_ASSERTIONS = NO;
				ENABLE_STRICT_OBJC_MSGSEND = YES;
				GCC_C_LANGUAGE_STANDARD = gnu99;
				GCC_NO_COMMON_BLOCKS = YES;
				GCC_WARN_64_TO_32_BIT_CONVERSION = YES;
				GCC_WARN_ABOUT_RETURN_TYPE = YES_ERROR;
				GCC_WARN_UNDECLARED_SELECTOR = YES;
				GCC_WARN_UNINITIALIZED_AUTOS = YES_AGGRESSIVE;
				GCC_WARN_UNUSED_FUNCTION = YES;
				GCC_WARN_UNUSED_VARIABLE = YES;
				IPHONEOS_DEPLOYMENT_TARGET = 9.3;
				MTL_ENABLE_DEBUG_INFO = NO;
				SDKROOT = iphoneos;
				TARGETED_DEVICE_FAMILY = "1,2";
				VALIDATE_PRODUCT = YES;
			};
			name = Release;
		};
		1ACBFE711D82645A00B5AFC6 /* Debug */ = {
			isa = XCBuildConfiguration;
			buildSettings = {
				ASSETCATALOG_COMPILER_APPICON_NAME = AppIcon;
				INFOPLIST_FILE = "LeftDrow-Simp/Info.plist";
				LD_RUNPATH_SEARCH_PATHS = "$(inherited) @executable_path/Frameworks";
				PRODUCT_BUNDLE_IDENTIFIER = "com.shengHanDL.LeftDrow-Simp";
				PRODUCT_NAME = "$(TARGET_NAME)";
			};
			name = Debug;
		};
		1ACBFE721D82645A00B5AFC6 /* Release */ = {
			isa = XCBuildConfiguration;
			buildSettings = {
				ASSETCATALOG_COMPILER_APPICON_NAME = AppIcon;
				INFOPLIST_FILE = "LeftDrow-Simp/Info.plist";
				LD_RUNPATH_SEARCH_PATHS = "$(inherited) @executable_path/Frameworks";
				PRODUCT_BUNDLE_IDENTIFIER = "com.shengHanDL.LeftDrow-Simp";
				PRODUCT_NAME = "$(TARGET_NAME)";
			};
			name = Release;
		};
		1ACBFE741D82645A00B5AFC6 /* Debug */ = {
			isa = XCBuildConfiguration;
			buildSettings = {
				BUNDLE_LOADER = "$(TEST_HOST)";
				INFOPLIST_FILE = "LeftDrow-SimpTests/Info.plist";
				LD_RUNPATH_SEARCH_PATHS = "$(inherited) @executable_path/Frameworks @loader_path/Frameworks";
				PRODUCT_BUNDLE_IDENTIFIER = "com.shengHanDL.LeftDrow-SimpTests";
				PRODUCT_NAME = "$(TARGET_NAME)";
				TEST_HOST = "$(BUILT_PRODUCTS_DIR)/LeftDrow-Simp.app/LeftDrow-Simp";
			};
			name = Debug;
		};
		1ACBFE751D82645A00B5AFC6 /* Release */ = {
			isa = XCBuildConfiguration;
			buildSettings = {
				BUNDLE_LOADER = "$(TEST_HOST)";
				INFOPLIST_FILE = "LeftDrow-SimpTests/Info.plist";
				LD_RUNPATH_SEARCH_PATHS = "$(inherited) @executable_path/Frameworks @loader_path/Frameworks";
				PRODUCT_BUNDLE_IDENTIFIER = "com.shengHanDL.LeftDrow-SimpTests";
				PRODUCT_NAME = "$(TARGET_NAME)";
				TEST_HOST = "$(BUILT_PRODUCTS_DIR)/LeftDrow-Simp.app/LeftDrow-Simp";
			};
			name = Release;
		};
		1ACBFE771D82645A00B5AFC6 /* Debug */ = {
			isa = XCBuildConfiguration;
			buildSettings = {
				INFOPLIST_FILE = "LeftDrow-SimpUITests/Info.plist";
				LD_RUNPATH_SEARCH_PATHS = "$(inherited) @executable_path/Frameworks @loader_path/Frameworks";
				PRODUCT_BUNDLE_IDENTIFIER = "com.shengHanDL.LeftDrow-SimpUITests";
				PRODUCT_NAME = "$(TARGET_NAME)";
				TEST_TARGET_NAME = "LeftDrow-Simp";
			};
			name = Debug;
		};
		1ACBFE781D82645A00B5AFC6 /* Release */ = {
			isa = XCBuildConfiguration;
			buildSettings = {
				INFOPLIST_FILE = "LeftDrow-SimpUITests/Info.plist";
				LD_RUNPATH_SEARCH_PATHS = "$(inherited) @executable_path/Frameworks @loader_path/Frameworks";
				PRODUCT_BUNDLE_IDENTIFIER = "com.shengHanDL.LeftDrow-SimpUITests";
				PRODUCT_NAME = "$(TARGET_NAME)";
				TEST_TARGET_NAME = "LeftDrow-Simp";
			};
			name = Release;
		};
/* End XCBuildConfiguration section */

/* Begin XCConfigurationList section */
		1ACBFE3E1D82645900B5AFC6 /* Build configuration list for PBXProject "LeftDrow-Simp" */ = {
			isa = XCConfigurationList;
			buildConfigurations = (
				1ACBFE6E1D82645A00B5AFC6 /* Debug */,
				1ACBFE6F1D82645A00B5AFC6 /* Release */,
			);
			defaultConfigurationIsVisible = 0;
			defaultConfigurationName = Release;
		};
		1ACBFE701D82645A00B5AFC6 /* Build configuration list for PBXNativeTarget "LeftDrow-Simp" */ = {
			isa = XCConfigurationList;
			buildConfigurations = (
				1ACBFE711D82645A00B5AFC6 /* Debug */,
				1ACBFE721D82645A00B5AFC6 /* Release */,
			);
			defaultConfigurationIsVisible = 0;
		};
		1ACBFE731D82645A00B5AFC6 /* Build configuration list for PBXNativeTarget "LeftDrow-SimpTests" */ = {
			isa = XCConfigurationList;
			buildConfigurations = (
				1ACBFE741D82645A00B5AFC6 /* Debug */,
				1ACBFE751D82645A00B5AFC6 /* Release */,
			);
			defaultConfigurationIsVisible = 0;
		};
		1ACBFE761D82645A00B5AFC6 /* Build configuration list for PBXNativeTarget "LeftDrow-SimpUITests" */ = {
			isa = XCConfigurationList;
			buildConfigurations = (
				1ACBFE771D82645A00B5AFC6 /* Debug */,
				1ACBFE781D82645A00B5AFC6 /* Release */,
			);
			defaultConfigurationIsVisible = 0;
		};
/* End XCConfigurationList section */
	};
	rootObject = 1ACBFE3B1D82645900B5AFC6 /* Project object */;
}
